
Microsoft Visual Studio Solution File, Format Version 12.00
# Visual Studio Version 16
VisualStudioVersion = 16.0.31624.102
MinimumVisualStudioVersion = 10.0.40219.1
Project("{8BC9CEB8-8B4A-11D0-8D11-00A0C91BC942}") = "Project3", "Project3.vcxproj", "{8418345C-6972-40BF-9CEA-1B724907F231}"
EndProject
Project("{8BC9CEB8-8B4A-11D0-8D11-00A0C91BC942}") = "UnitTest3", "..\UnitTest3\UnitTest3.vcxproj", "{F735239A-50E8-435E-A0C7-EF9A61A78ADF}"
EndProject
Global
	GlobalSection(SolutionConfigurationPlatforms) = preSolution
		Debug|x64 = Debug|x64
		Debug|x86 = Debug|x86
		Release|x64 = Release|x64
		Release|x86 = Release|x86
	EndGlobalSection
	GlobalSection(ProjectConfigurationPlatforms) = postSolution
		{8418345C-6972-40BF-9CEA-1B724907F231}.Debug|x64.ActiveCfg = Debug|x64
		{8418345C-6972-40BF-9CEA-1B724907F231}.Debug|x64.Build.0 = Debug|x64
		{8418345C-6972-40BF-9CEA-1B724907F231}.Debug|x86.ActiveCfg = Debug|Win32
		{8418345C-6972-40BF-9CEA-1B724907F231}.Debug|x86.Build.0 = Debug|Win32
		{8418345C-6972-40BF-9CEA-1B724907F231}.Release|x64.ActiveCfg = Release|x64
		{8418345C-6972-40BF-9CEA-1B724907F231}.Release|x64.Build.0 = Release|x64
		{8418345C-6972-40BF-9CEA-1B724907F231}.Release|x86.ActiveCfg = Release|Win32
		{8418345C-6972-40BF-9CEA-1B724907F231}.Release|x86.Build.0 = Release|Win32
		{F735239A-50E8-435E-A0C7-EF9A61A78ADF}.Debug|x64.ActiveCfg = Debug|x64
		{F735239A-50E8-435E-A0C7-EF9A61A78ADF}.Debug|x64.Build.0 = Debug|x64
		{F735239A-50E8-435E-A0C7-EF9A61A78ADF}.Debug|x86.ActiveCfg = Debug|Win32
		{F735239A-50E8-435E-A0C7-EF9A61A78ADF}.Debug|x86.Build.0 = Debug|Win32
		{F735239A-50E8-435E-A0C7-EF9A61A78ADF}.Release|x64.ActiveCfg = Release|x64
		{F735239A-50E8-435E-A0C7-EF9A61A78ADF}.Release|x64.Build.0 = Release|x64
		{F735239A-50E8-435E-A0C7-EF9A61A78ADF}.Release|x86.ActiveCfg = Release|Win32
		{F735239A-50E8-435E-A0C7-EF9A61A78ADF}.Release|x86.Build.0 = Release|Win32
	EndGlobalSection
	GlobalSection(SolutionProperties) = preSolution
		HideSolutionNode = FALSE
	EndGlobalSection
	GlobalSection(ExtensibilityGlobals) = postSolution
		SolutionGuid = {2E83C9A3-D35E-429B-9E6D-0686BBA27B39}
	EndGlobalSection
EndGlobal
